lockfileVersion: 5.3

specifiers:
  '@popperjs/core': ^2.10.2
  bootstrap: ^5.1.3

dependencies:
  '@popperjs/core': 2.11.3
  bootstrap: 5.1.3_@popperjs+core@2.11.3

packages:

  /@popperjs/core/2.11.3:
    resolution: {integrity: sha512-8U7hIl7+30XbIrJ0deQMXpXESM1L4yrt6BHok5hzcR0LivivuNkk+tHU1iRVScOwCmQcrOr6kvtIr29MNbQHqQ==}
    dev: false

  /bootstrap/5.1.3_@popperjs+core@2.11.3:
    resolution: {integrity: sha512-fcQztozJ8jToQWXxVuEyXWW+dSo8AiXWKwiSSrKWsRB/Qt+Ewwza+JWoLKiTuQLaEPhdNAJ7+Dosc9DOIqNy7Q==}
    peerDependencies:
      '@popperjs/core': ^2.10.2
    dependencies:
      '@popperjs/core': 2.11.3
    dev: false
